
Microsoft Visual Studio Solution File, Format Version 12.00
# Visual Studio 15
VisualStudioVersion = 15.0.27421.1
MinimumVisualStudioVersion = 10.0.40219.1
Project("{9A19103F-16F7-4668-BE54-9A1E7A4F7556}") = "ModelReader", "ModelReader\ModelReader.csproj", "{594EEBE2-3632-4A02-949C-ECDDDB092FFA}"
EndProject
Project("{FAE04EC0-301F-11D3-BF4B-00C04F79EFBC}") = "ModelReaderBenchmarks", "ModelReaderBenchmarks\ModelReaderBenchmarks.csproj", "{71E8D330-27D3-4B80-9BAB-942A016510D5}"
	ProjectSection(ProjectDependencies) = postProject
		{594EEBE2-3632-4A02-949C-ECDDDB092FFA} = {594EEBE2-3632-4A02-949C-ECDDDB092FFA}
	EndProjectSection
EndProject
Project("{FAE04EC0-301F-11D3-BF4B-00C04F79EFBC}") = "ModelReader.UnitTests", "ModelReader.UnitTests\ModelReader.UnitTests.csproj", "{E542C17F-BDA9-45CA-B231-741BD5AD8AB4}"
	ProjectSection(ProjectDependencies) = postProject
		{594EEBE2-3632-4A02-949C-ECDDDB092FFA} = {594EEBE2-3632-4A02-949C-ECDDDB092FFA}
	EndProjectSection
EndProject
Global
	GlobalSection(SolutionConfigurationPlatforms) = preSolution
		Debug|Any CPU = Debug|Any CPU
		Debug|x64 = Debug|x64
		Release|Any CPU = Release|Any CPU
		Release|x64 = Release|x64
	EndGlobalSection
	GlobalSection(ProjectConfigurationPlatforms) = postSolution
		{594EEBE2-3632-4A02-949C-ECDDDB092FFA}.Debug|Any CPU.ActiveCfg = Debug|Any CPU
		{594EEBE2-3632-4A02-949C-ECDDDB092FFA}.Debug|Any CPU.Build.0 = Debug|Any CPU
		{594EEBE2-3632-4A02-949C-ECDDDB092FFA}.Debug|x64.ActiveCfg = Debug|x64
		{594EEBE2-3632-4A02-949C-ECDDDB092FFA}.Debug|x64.Build.0 = Debug|x64
		{594EEBE2-3632-4A02-949C-ECDDDB092FFA}.Release|Any CPU.ActiveCfg = Release|Any CPU
		{594EEBE2-3632-4A02-949C-ECDDDB092FFA}.Release|Any CPU.Build.0 = Release|Any CPU
		{594EEBE2-3632-4A02-949C-ECDDDB092FFA}.Release|x64.ActiveCfg = Release|x64
		{594EEBE2-3632-4A02-949C-ECDDDB092FFA}.Release|x64.Build.0 = Release|x64
		{71E8D330-27D3-4B80-9BAB-942A016510D5}.Debug|Any CPU.ActiveCfg = Debug|Any CPU
		{71E8D330-27D3-4B80-9BAB-942A016510D5}.Debug|Any CPU.Build.0 = Debug|Any CPU
		{71E8D330-27D3-4B80-9BAB-942A016510D5}.Debug|x64.ActiveCfg = Debug|Any CPU
		{71E8D330-27D3-4B80-9BAB-942A016510D5}.Debug|x64.Build.0 = Debug|Any CPU
		{71E8D330-27D3-4B80-9BAB-942A016510D5}.Release|Any CPU.ActiveCfg = Release|Any CPU
		{71E8D330-27D3-4B80-9BAB-942A016510D5}.Release|Any CPU.Build.0 = Release|Any CPU
		{71E8D330-27D3-4B80-9BAB-942A016510D5}.Release|x64.ActiveCfg = Release|Any CPU
		{71E8D330-27D3-4B80-9BAB-942A016510D5}.Release|x64.Build.0 = Release|Any CPU
		{E542C17F-BDA9-45CA-B231-741BD5AD8AB4}.Debug|Any CPU.ActiveCfg = Debug|Any CPU
		{E542C17F-BDA9-45CA-B231-741BD5AD8AB4}.Debug|Any CPU.Build.0 = Debug|Any CPU
		{E542C17F-BDA9-45CA-B231-741BD5AD8AB4}.Debug|x64.ActiveCfg = Debug|Any CPU
		{E542C17F-BDA9-45CA-B231-741BD5AD8AB4}.Debug|x64.Build.0 = Debug|Any CPU
		{E542C17F-BDA9-45CA-B231-741BD5AD8AB4}.Release|Any CPU.ActiveCfg = Release|Any CPU
		{E542C17F-BDA9-45CA-B231-741BD5AD8AB4}.Release|Any CPU.Build.0 = Release|Any CPU
		{E542C17F-BDA9-45CA-B231-741BD5AD8AB4}.Release|x64.ActiveCfg = Release|Any CPU
		{E542C17F-BDA9-45CA-B231-741BD5AD8AB4}.Release|x64.Build.0 = Release|Any CPU
	EndGlobalSection
	GlobalSection(SolutionProperties) = preSolution
		HideSolutionNode = FALSE
	EndGlobalSection
	GlobalSection(ExtensibilityGlobals) = postSolution
		SolutionGuid = {6E90CB2D-FAAD-463C-8A39-24B437091E95}
	EndGlobalSection
EndGlobal
